
Microsoft Visual Studio Solution File, Format Version 12.00
Project("{FAE04EC0-301F-11D3-BF4B-00C04F79EFBC}") = "Examen", "Examen\Examen.csproj", "{558AD2BC-8931-40E9-9E34-1874C28C1779}"
EndProject
Global
	GlobalSection(SolutionConfigurationPlatforms) = preSolution
		Debug|Any CPU = Debug|Any CPU
		Release|Any CPU = Release|Any CPU
	EndGlobalSection
	GlobalSection(ProjectConfigurationPlatforms) = postSolution
		{558AD2BC-8931-40E9-9E34-1874C28C1779}.Debug|Any CPU.ActiveCfg = Debug|Any CPU
		{558AD2BC-8931-40E9-9E34-1874C28C1779}.Debug|Any CPU.Build.0 = Debug|Any CPU
		{558AD2BC-8931-40E9-9E34-1874C28C1779}.Release|Any CPU.ActiveCfg = Release|Any CPU
		{558AD2BC-8931-40E9-9E34-1874C28C1779}.Release|Any CPU.Build.0 = Release|Any CPU
	EndGlobalSection
EndGlobal
